{
  "version": 2,
  "dependencies": {
    "net8.0": {
      "codexthemestudio.codexadapter": {
        "type": "Project",
        "dependencies": {
          "CodexThemeStudio.Contracts": "[1.2.0, )",
          "CodexThemeStudio.ThemeCore": "[1.2.0, )"
        }
      },
      "codexthemestudio.contracts": {
        "type": "Project"
      },
      "codexthemestudio.themecore": {
        "type": "Project",
        "dependencies": {
          "CodexThemeStudio.Contracts": "[1.2.0, )"
        }
      }
    },
    "net8.0/win-x64": {}
  }
}