
Microsoft Visual Studio Solution File, Format Version 12.00
# Visual Studio Version 17
VisualStudioVersion = 17.0.31903.59
MinimumVisualStudioVersion = 10.0.40219.1
Project("{2150E333-8FDC-42A3-9474-1A3956D46DE8}") = "src", "src", "{674ED266-6EC0-4E1E-82BB-FBE7987720DC}"
EndProject
Project("{FAE04EC0-301F-11D3-BF4B-00C04F79EFBC}") = "CodexThemeStudio.Desktop", "src\CodexThemeStudio.Desktop\CodexThemeStudio.Desktop.csproj", "{289BD1DB-1D05-4FFF-A433-240C8AAE7B0C}"
EndProject
Project("{FAE04EC0-301F-11D3-BF4B-00C04F79EFBC}") = "CodexThemeStudio.Contracts", "src\CodexThemeStudio.Contracts\CodexThemeStudio.Contracts.csproj", "{B01EBCC6-8122-4E5C-8F86-7E3C9844F4E6}"
EndProject
Project("{FAE04EC0-301F-11D3-BF4B-00C04F79EFBC}") = "CodexThemeStudio.ThemeCore", "src\CodexThemeStudio.ThemeCore\CodexThemeStudio.ThemeCore.csproj", "{F2C2D5BF-39D4-4E8D-9D7F-8B45400E512B}"
EndProject
Project("{FAE04EC0-301F-11D3-BF4B-00C04F79EFBC}") = "CodexThemeStudio.Storage", "src\CodexThemeStudio.Storage\CodexThemeStudio.Storage.csproj", "{AAEE222C-A094-413E-8797-C1FA59064270}"
EndProject
Project("{FAE04EC0-301F-11D3-BF4B-00C04F79EFBC}") = "CodexThemeStudio.CodexAdapter", "src\CodexThemeStudio.CodexAdapter\CodexThemeStudio.CodexAdapter.csproj", "{977BB084-E5BD-4FDD-BE3A-53D6E5A7B951}"
EndProject
Project("{FAE04EC0-301F-11D3-BF4B-00C04F79EFBC}") = "CodexThemeStudio.Agent", "src\CodexThemeStudio.Agent\CodexThemeStudio.Agent.csproj", "{EC46E962-352A-4B36-AEE6-FF585F243756}"
EndProject
Project("{FAE04EC0-301F-11D3-BF4B-00C04F79EFBC}") = "CodexThemeStudio.Update", "src\CodexThemeStudio.Update\CodexThemeStudio.Update.csproj", "{B5A99F10-68B0-4ADF-9BDA-C62B5AE68860}"
EndProject
Project("{2150E333-8FDC-42A3-9474-1A3956D46DE8}") = "tests", "tests", "{E73571B3-D111-4B67-8858-C927925DF6D0}"
EndProject
Project("{FAE04EC0-301F-11D3-BF4B-00C04F79EFBC}") = "CodexThemeStudio.ThemeCore.Tests", "tests\ThemeCore.Tests\CodexThemeStudio.ThemeCore.Tests.csproj", "{9C3AD976-7907-477F-911F-A69F4F1679DC}"
EndProject
Project("{FAE04EC0-301F-11D3-BF4B-00C04F79EFBC}") = "CodexThemeStudio.Storage.Tests", "tests\Storage.Tests\CodexThemeStudio.Storage.Tests.csproj", "{8BF75E43-C301-4B19-A003-4B5A47A91C04}"
EndProject
Project("{FAE04EC0-301F-11D3-BF4B-00C04F79EFBC}") = "CodexThemeStudio.CodexAdapter.Tests", "tests\CodexAdapter.Tests\CodexThemeStudio.CodexAdapter.Tests.csproj", "{A3365CB6-7167-4C4E-8494-940C889C61F3}"
EndProject
Project("{FAE04EC0-301F-11D3-BF4B-00C04F79EFBC}") = "CodexThemeStudio.Integration.Tests", "tests\Integration.Tests\CodexThemeStudio.Integration.Tests.csproj", "{6920F01C-51DE-40AB-B296-3979099A004B}"
EndProject
Project("{FAE04EC0-301F-11D3-BF4B-00C04F79EFBC}") = "CodexThemeStudio.Desktop.Tests", "tests\Desktop.Tests\CodexThemeStudio.Desktop.Tests.csproj", "{D29847CF-912B-4DC7-93A6-70A1634F5590}"
EndProject
Project("{FAE04EC0-301F-11D3-BF4B-00C04F79EFBC}") = "CodexThemeStudio.Update.Tests", "tests\Update.Tests\CodexThemeStudio.Update.Tests.csproj", "{12393E19-C31F-4E40-927B-1076610AF7C1}"
EndProject
Global
	GlobalSection(SolutionConfigurationPlatforms) = preSolution
		Debug|Any CPU = Debug|Any CPU
		Release|Any CPU = Release|Any CPU
	EndGlobalSection
	GlobalSection(SolutionProperties) = preSolution
		HideSolutionNode = FALSE
	EndGlobalSection
	GlobalSection(ProjectConfigurationPlatforms) = postSolution
		{289BD1DB-1D05-4FFF-A433-240C8AAE7B0C}.Debug|Any CPU.ActiveCfg = Debug|Any CPU
		{289BD1DB-1D05-4FFF-A433-240C8AAE7B0C}.Debug|Any CPU.Build.0 = Debug|Any CPU
		{289BD1DB-1D05-4FFF-A433-240C8AAE7B0C}.Release|Any CPU.ActiveCfg = Release|Any CPU
		{289BD1DB-1D05-4FFF-A433-240C8AAE7B0C}.Release|Any CPU.Build.0 = Release|Any CPU
		{B01EBCC6-8122-4E5C-8F86-7E3C9844F4E6}.Debug|Any CPU.ActiveCfg = Debug|Any CPU
		{B01EBCC6-8122-4E5C-8F86-7E3C9844F4E6}.Debug|Any CPU.Build.0 = Debug|Any CPU
		{B01EBCC6-8122-4E5C-8F86-7E3C9844F4E6}.Release|Any CPU.ActiveCfg = Release|Any CPU
		{B01EBCC6-8122-4E5C-8F86-7E3C9844F4E6}.Release|Any CPU.Build.0 = Release|Any CPU
		{F2C2D5BF-39D4-4E8D-9D7F-8B45400E512B}.Debug|Any CPU.ActiveCfg = Debug|Any CPU
		{F2C2D5BF-39D4-4E8D-9D7F-8B45400E512B}.Debug|Any CPU.Build.0 = Debug|Any CPU
		{F2C2D5BF-39D4-4E8D-9D7F-8B45400E512B}.Release|Any CPU.ActiveCfg = Release|Any CPU
		{F2C2D5BF-39D4-4E8D-9D7F-8B45400E512B}.Release|Any CPU.Build.0 = Release|Any CPU
		{AAEE222C-A094-413E-8797-C1FA59064270}.Debug|Any CPU.ActiveCfg = Debug|Any CPU
		{AAEE222C-A094-413E-8797-C1FA59064270}.Debug|Any CPU.Build.0 = Debug|Any CPU
		{AAEE222C-A094-413E-8797-C1FA59064270}.Release|Any CPU.ActiveCfg = Release|Any CPU
		{AAEE222C-A094-413E-8797-C1FA59064270}.Release|Any CPU.Build.0 = Release|Any CPU
		{977BB084-E5BD-4FDD-BE3A-53D6E5A7B951}.Debug|Any CPU.ActiveCfg = Debug|Any CPU
		{977BB084-E5BD-4FDD-BE3A-53D6E5A7B951}.Debug|Any CPU.Build.0 = Debug|Any CPU
		{977BB084-E5BD-4FDD-BE3A-53D6E5A7B951}.Release|Any CPU.ActiveCfg = Release|Any CPU
		{977BB084-E5BD-4FDD-BE3A-53D6E5A7B951}.Release|Any CPU.Build.0 = Release|Any CPU
		{EC46E962-352A-4B36-AEE6-FF585F243756}.Debug|Any CPU.ActiveCfg = Debug|Any CPU
		{EC46E962-352A-4B36-AEE6-FF585F243756}.Debug|Any CPU.Build.0 = Debug|Any CPU
		{EC46E962-352A-4B36-AEE6-FF585F243756}.Release|Any CPU.ActiveCfg = Release|Any CPU
		{EC46E962-352A-4B36-AEE6-FF585F243756}.Release|Any CPU.Build.0 = Release|Any CPU
		{B5A99F10-68B0-4ADF-9BDA-C62B5AE68860}.Debug|Any CPU.ActiveCfg = Debug|Any CPU
		{B5A99F10-68B0-4ADF-9BDA-C62B5AE68860}.Debug|Any CPU.Build.0 = Debug|Any CPU
		{B5A99F10-68B0-4ADF-9BDA-C62B5AE68860}.Release|Any CPU.ActiveCfg = Release|Any CPU
		{B5A99F10-68B0-4ADF-9BDA-C62B5AE68860}.Release|Any CPU.Build.0 = Release|Any CPU
		{9C3AD976-7907-477F-911F-A69F4F1679DC}.Debug|Any CPU.ActiveCfg = Debug|Any CPU
		{9C3AD976-7907-477F-911F-A69F4F1679DC}.Debug|Any CPU.Build.0 = Debug|Any CPU
		{9C3AD976-7907-477F-911F-A69F4F1679DC}.Release|Any CPU.ActiveCfg = Release|Any CPU
		{9C3AD976-7907-477F-911F-A69F4F1679DC}.Release|Any CPU.Build.0 = Release|Any CPU
		{8BF75E43-C301-4B19-A003-4B5A47A91C04}.Debug|Any CPU.ActiveCfg = Debug|Any CPU
		{8BF75E43-C301-4B19-A003-4B5A47A91C04}.Debug|Any CPU.Build.0 = Debug|Any CPU
		{8BF75E43-C301-4B19-A003-4B5A47A91C04}.Release|Any CPU.ActiveCfg = Release|Any CPU
		{8BF75E43-C301-4B19-A003-4B5A47A91C04}.Release|Any CPU.Build.0 = Release|Any CPU
		{A3365CB6-7167-4C4E-8494-940C889C61F3}.Debug|Any CPU.ActiveCfg = Debug|Any CPU
		{A3365CB6-7167-4C4E-8494-940C889C61F3}.Debug|Any CPU.Build.0 = Debug|Any CPU
		{A3365CB6-7167-4C4E-8494-940C889C61F3}.Release|Any CPU.ActiveCfg = Release|Any CPU
		{A3365CB6-7167-4C4E-8494-940C889C61F3}.Release|Any CPU.Build.0 = Release|Any CPU
		{6920F01C-51DE-40AB-B296-3979099A004B}.Debug|Any CPU.ActiveCfg = Debug|Any CPU
		{6920F01C-51DE-40AB-B296-3979099A004B}.Debug|Any CPU.Build.0 = Debug|Any CPU
		{6920F01C-51DE-40AB-B296-3979099A004B}.Release|Any CPU.ActiveCfg = Release|Any CPU
		{6920F01C-51DE-40AB-B296-3979099A004B}.Release|Any CPU.Build.0 = Release|Any CPU
		{D29847CF-912B-4DC7-93A6-70A1634F5590}.Debug|Any CPU.ActiveCfg = Debug|Any CPU
		{D29847CF-912B-4DC7-93A6-70A1634F5590}.Debug|Any CPU.Build.0 = Debug|Any CPU
		{D29847CF-912B-4DC7-93A6-70A1634F5590}.Release|Any CPU.ActiveCfg = Release|Any CPU
		{D29847CF-912B-4DC7-93A6-70A1634F5590}.Release|Any CPU.Build.0 = Release|Any CPU
		{12393E19-C31F-4E40-927B-1076610AF7C1}.Debug|Any CPU.ActiveCfg = Debug|Any CPU
		{12393E19-C31F-4E40-927B-1076610AF7C1}.Debug|Any CPU.Build.0 = Debug|Any CPU
		{12393E19-C31F-4E40-927B-1076610AF7C1}.Release|Any CPU.ActiveCfg = Release|Any CPU
		{12393E19-C31F-4E40-927B-1076610AF7C1}.Release|Any CPU.Build.0 = Release|Any CPU
	EndGlobalSection
	GlobalSection(NestedProjects) = preSolution
		{289BD1DB-1D05-4FFF-A433-240C8AAE7B0C} = {674ED266-6EC0-4E1E-82BB-FBE7987720DC}
		{B01EBCC6-8122-4E5C-8F86-7E3C9844F4E6} = {674ED266-6EC0-4E1E-82BB-FBE7987720DC}
		{F2C2D5BF-39D4-4E8D-9D7F-8B45400E512B} = {674ED266-6EC0-4E1E-82BB-FBE7987720DC}
		{AAEE222C-A094-413E-8797-C1FA59064270} = {674ED266-6EC0-4E1E-82BB-FBE7987720DC}
		{977BB084-E5BD-4FDD-BE3A-53D6E5A7B951} = {674ED266-6EC0-4E1E-82BB-FBE7987720DC}
		{EC46E962-352A-4B36-AEE6-FF585F243756} = {674ED266-6EC0-4E1E-82BB-FBE7987720DC}
		{B5A99F10-68B0-4ADF-9BDA-C62B5AE68860} = {674ED266-6EC0-4E1E-82BB-FBE7987720DC}
		{9C3AD976-7907-477F-911F-A69F4F1679DC} = {E73571B3-D111-4B67-8858-C927925DF6D0}
		{8BF75E43-C301-4B19-A003-4B5A47A91C04} = {E73571B3-D111-4B67-8858-C927925DF6D0}
		{A3365CB6-7167-4C4E-8494-940C889C61F3} = {E73571B3-D111-4B67-8858-C927925DF6D0}
		{6920F01C-51DE-40AB-B296-3979099A004B} = {E73571B3-D111-4B67-8858-C927925DF6D0}
		{D29847CF-912B-4DC7-93A6-70A1634F5590} = {E73571B3-D111-4B67-8858-C927925DF6D0}
		{12393E19-C31F-4E40-927B-1076610AF7C1} = {E73571B3-D111-4B67-8858-C927925DF6D0}
	EndGlobalSection
EndGlobal
